
Microsoft Visual Studio Solution File, Format Version 12.00
# Visual Studio Version 17
VisualStudioVersion = 17.1.32210.238
MinimumVisualStudioVersion = 10.0.40219.1
Project("{FAE04EC0-301F-11D3-BF4B-00C04F79EFBC}") = "BankHub_6.7", "BankHub_6.7\BankHub_6.7.csproj", "{C8495C63-A2D1-41FF-BA57-1106EE11C607}"
EndProject
Global
	GlobalSection(SolutionConfigurationPlatforms) = preSolution
		Debug|Any CPU = Debug|Any CPU
		Release|Any CPU = Release|Any CPU
	EndGlobalSection
	GlobalSection(ProjectConfigurationPlatforms) = postSolution
		{C8495C63-A2D1-41FF-BA57-1106EE11C607}.Debug|Any CPU.ActiveCfg = Debug|Any CPU
		{C8495C63-A2D1-41FF-BA57-1106EE11C607}.Debug|Any CPU.Build.0 = Debug|Any CPU
		{C8495C63-A2D1-41FF-BA57-1106EE11C607}.Release|Any CPU.ActiveCfg = Release|Any CPU
		{C8495C63-A2D1-41FF-BA57-1106EE11C607}.Release|Any CPU.Build.0 = Release|Any CPU
	EndGlobalSection
	GlobalSection(SolutionProperties) = preSolution
		HideSolutionNode = FALSE
	EndGlobalSection
	GlobalSection(ExtensibilityGlobals) = postSolution
		SolutionGuid = {54B194DB-2AD1-4CEB-97B4-AA8433D50A5C}
	EndGlobalSection
EndGlobal
